
Microsoft Visual Studio Solution File, Format Version 12.00
# Visual Studio 2012
Project("{FAE04EC0-301F-11D3-BF4B-00C04F79EFBC}") = "WordCounter", "WordCounter\WordCounter.csproj", "{4EF379F9-FBE9-42AA-BCF8-5EC1BAE9BF6A}"
EndProject
Project("{FAE04EC0-301F-11D3-BF4B-00C04F79EFBC}") = "WordCounter.Tests", "WordCounter.Tests\WordCounter.Tests.csproj", "{2E26BD46-BBEA-4CB8-A182-16BEF0B51097}"
EndProject
Global
	GlobalSection(SolutionConfigurationPlatforms) = preSolution
		Debug|Any CPU = Debug|Any CPU
		Release|Any CPU = Release|Any CPU
	EndGlobalSection
	GlobalSection(ProjectConfigurationPlatforms) = postSolution
		{4EF379F9-FBE9-42AA-BCF8-5EC1BAE9BF6A}.Debug|Any CPU.ActiveCfg = Debug|Any CPU
		{4EF379F9-FBE9-42AA-BCF8-5EC1BAE9BF6A}.Debug|Any CPU.Build.0 = Debug|Any CPU
		{4EF379F9-FBE9-42AA-BCF8-5EC1BAE9BF6A}.Release|Any CPU.ActiveCfg = Release|Any CPU
		{4EF379F9-FBE9-42AA-BCF8-5EC1BAE9BF6A}.Release|Any CPU.Build.0 = Release|Any CPU
		{2E26BD46-BBEA-4CB8-A182-16BEF0B51097}.Debug|Any CPU.ActiveCfg = Debug|Any CPU
		{2E26BD46-BBEA-4CB8-A182-16BEF0B51097}.Debug|Any CPU.Build.0 = Debug|Any CPU
		{2E26BD46-BBEA-4CB8-A182-16BEF0B51097}.Release|Any CPU.ActiveCfg = Release|Any CPU
		{2E26BD46-BBEA-4CB8-A182-16BEF0B51097}.Release|Any CPU.Build.0 = Release|Any CPU
	EndGlobalSection
EndGlobal
